github.com/nalgeon/be v0.3.0 h1:QsPANqEtcOD5qT2S3KAtIkDBBn8SXUf/Lb5Bi/z4UqM=
github.com/nalgeon/be v0.3.0/go.mod h1:PMwMuBLopwKJkSHnr2qHyLcZYUTqNejN7A8RAqNWO3E=
solod.dev v0.0.0-20260418103924-f256c1f0313a h1:ThBmch7elGqKpLOdKgEwgn4YLciFe9j5ELrC/3Xk9G4=
solod.dev v0.0.0-20260418103924-f256c1f0313a/go.mod h1:F8sRRT/id2KwekSYlEjE63QLLQawzYaMgpKq75Yl3Hg=
solod.dev v0.0.0-20260426194351-874b9923eaf5 h1:OD51QEwBefLnctR5sL73FzyaaTzr35rbtNCZNXtU+g4=
solod.dev v0.0.0-20260426194351-874b9923eaf5/go.mod h1:F8sRRT/id2KwekSYlEjE63QLLQawzYaMgpKq75Yl3Hg=
solod.dev v0.0.0-20260428201503-449616f64008 h1:d1JXr1GsB7T/p8lya2IdyicYlVqCsgas6rf91nqg/3w=
solod.dev v0.0.0-20260428201503-449616f64008/go.mod h1:F8sRRT/id2KwekSYlEjE63QLLQawzYaMgpKq75Yl3Hg=
